{
  "name": "wgt",
  "version": "0.0.1",
  "lockfileVersion": 2,
  "requires": true,
  "packages": {
    "": {
      "name": "wgt",
      "version": "0.0.1",
      "license": "MIT",
      "dependencies": {
        "@fortawesome/fontawesome-free": "^5.15.4",
        "loam": "^1.1.0"
      }
    },
    "node_modules/@fortawesome/fontawesome-free": {
      "version": "5.15.4",
      "resolved": "https://registry.npmjs.org/@fortawesome/fontawesome-free/-/fontawesome-free-5.15.4.tgz",
      "integrity": "sha512-eYm8vijH/hpzr/6/1CJ/V/Eb1xQFW2nnUKArb3z+yUWv7HTwj6M7SP957oMjfZjAHU6qpoNc2wQvIxBLWYa/Jg==",
      "hasInstallScript": true,
      "engines": {
        "node": ">=6"
      }
    },
    "node_modules/gdal-js": {
      "version": "2.0.0",
      "resolved": "https://registry.npmjs.org/gdal-js/-/gdal-js-2.0.0.tgz",
      "integrity": "sha512-7FzClImugPJsu/kIV884JN++cwnbh9oIE9p1tJuNDyCJS++i3IiL4uJaOYKKr3rqPOv7ECeHCfwW7r50rF04yg=="
    },
    "node_modules/loam": {
      "version": "1.1.0",
      "resolved": "https://registry.npmjs.org/loam/-/loam-1.1.0.tgz",
      "integrity": "sha512-u3eCpxGSzor5Vbmr5ABfLifvs1OlD0/YmTFMEVDtu83l/thuh2S2x2GMXrLQ/TA+9Q06P6SO//ufbqOQfwUiKg==",
      "dependencies": {
        "gdal-js": "2.0.0"
      }
    }
  },
  "dependencies": {
    "@fortawesome/fontawesome-free": {
      "version": "5.15.4",
      "resolved": "https://registry.npmjs.org/@fortawesome/fontawesome-free/-/fontawesome-free-5.15.4.tgz",
      "integrity": "sha512-eYm8vijH/hpzr/6/1CJ/V/Eb1xQFW2nnUKArb3z+yUWv7HTwj6M7SP957oMjfZjAHU6qpoNc2wQvIxBLWYa/Jg=="
    },
    "gdal-js": {
      "version": "2.0.0",
      "resolved": "https://registry.npmjs.org/gdal-js/-/gdal-js-2.0.0.tgz",
      "integrity": "sha512-7FzClImugPJsu/kIV884JN++cwnbh9oIE9p1tJuNDyCJS++i3IiL4uJaOYKKr3rqPOv7ECeHCfwW7r50rF04yg=="
    },
    "loam": {
      "version": "1.1.0",
      "resolved": "https://registry.npmjs.org/loam/-/loam-1.1.0.tgz",
      "integrity": "sha512-u3eCpxGSzor5Vbmr5ABfLifvs1OlD0/YmTFMEVDtu83l/thuh2S2x2GMXrLQ/TA+9Q06P6SO//ufbqOQfwUiKg==",
      "requires": {
        "gdal-js": "2.0.0"
      }
    }
  }
}
